# This is a Gradle generated file for dependency locking.
# Manual edits can break the build and are not advised.
# This file is expected to be part of source control.
com.diffplug.durian:durian-collect:1.2.0=classpath
com.diffplug.durian:durian-core:1.2.0=classpath
com.diffplug.durian:durian-io:1.2.0=classpath
com.diffplug.durian:durian-swt.os:4.3.0=classpath
com.diffplug.spotless:com.diffplug.spotless.gradle.plugin:8.4.0=classpath
com.diffplug.spotless:spotless-lib-extra:4.5.0=classpath
com.diffplug.spotless:spotless-lib:4.5.0=classpath
com.diffplug.spotless:spotless-plugin-gradle:8.4.0=classpath
com.dorongold.plugins:task-tree:2.1.0=classpath
com.dorongold.task-tree:com.dorongold.task-tree.gradle.plugin:2.1.0=classpath
com.fasterxml.jackson.core:jackson-annotations:2.14.2=classpath
com.fasterxml.jackson.core:jackson-core:2.14.2=classpath
com.fasterxml.jackson.core:jackson-databind:2.14.2=classpath
com.fasterxml.jackson:jackson-bom:2.14.2=classpath
com.fasterxml.woodstox:woodstox-core:7.1.1=classpath
com.github.node-gradle.node:com.github.node-gradle.node.gradle.plugin:7.1.0=classpath
com.github.node-gradle:gradle-node-plugin:7.1.0=classpath
com.google.cloud.tools:appengine-gradle-plugin:2.5.0=classpath
com.google.cloud.tools:appengine-plugins-core:0.10.0=classpath
com.google.code.findbugs:jsr305:3.0.2=classpath
com.google.code.gson:gson:2.10.1=classpath
com.google.errorprone:error_prone_annotations:2.18.0=classpath
com.google.guava:failureaccess:1.0.1=classpath
com.google.guava:guava-parent:32.1.2-jre=classpath
com.google.guava:guava:32.1.2-jre=classpath
com.google.guava:listenablefuture:9999.0-empty-to-avoid-conflict-with-guava=classpath
com.googlecode.concurrent-trees:concurrent-trees:2.6.1=classpath
com.googlecode.javaewah:JavaEWAH:1.2.3=classpath
com.gradleup.shadow:com.gradleup.shadow.gradle.plugin:9.4.0=classpath
com.gradleup.shadow:shadow-gradle-plugin:9.4.0=classpath
com.squareup.okhttp3:okhttp:4.12.0=classpath
com.squareup.okio:okio-jvm:3.6.0=classpath
com.squareup.okio:okio:3.6.0=classpath
commons-codec:commons-codec:1.21.0=classpath
commons-io:commons-io:2.21.0=classpath
dev.equo.ide:solstice:1.8.1=classpath
net.ltgt.errorprone:net.ltgt.errorprone.gradle.plugin:5.1.0=classpath
net.ltgt.gradle:gradle-errorprone-plugin:5.1.0=classpath
org.apache.ant:ant-launcher:1.10.15=classpath
org.apache.ant:ant:1.10.15=classpath
org.apache.commons:commons-compress:1.21=classpath
org.apache.commons:commons-lang3:3.5=classpath
org.apache.maven:maven-api-annotations:4.0.0-rc-5=classpath
org.apache.maven:maven-api-xml:4.0.0-rc-5=classpath
org.apache.maven:maven-xml:4.0.0-rc-5=classpath
org.checkerframework:checker-qual:3.33.0=classpath
org.codehaus.plexus:plexus-utils:4.0.2=classpath
org.codehaus.plexus:plexus-xml:4.1.1=classpath
org.codehaus.woodstox:stax2-api:4.2.2=classpath
org.eclipse.jgit:org.eclipse.jgit:7.5.0.202512021534-r=classpath
org.eclipse.platform:org.eclipse.osgi:3.24.100=classpath
org.glassfish:javax.json:1.0.4=classpath
org.jdom:jdom2:2.0.6.1=classpath
org.jetbrains.kotlin:kotlin-metadata-jvm:2.3.20-RC3=classpath
org.jetbrains.kotlin:kotlin-stdlib-common:2.3.20-RC3=classpath
org.jetbrains.kotlin:kotlin-stdlib-jdk7:1.9.10=classpath
org.jetbrains.kotlin:kotlin-stdlib-jdk8:1.9.10=classpath
org.jetbrains.kotlin:kotlin-stdlib:2.3.20-RC3=classpath
org.jetbrains:annotations:13.0=classpath
org.slf4j:slf4j-api:2.0.17=classpath
org.sonatype.aether:aether-api:1.13.1=classpath
org.sonatype.aether:aether-impl:1.13.1=classpath
org.sonatype.aether:aether-spi:1.13.1=classpath
org.sonatype.aether:aether-util:1.13.1=classpath
org.tukaani:xz:1.9=classpath
org.vafer:jdependency:2.15=classpath
org.yaml:snakeyaml:2.0=classpath
empty=
